
Microsoft Visual Studio Solution File, Format Version 12.00
# Visual Studio 2012
Project("{FAE04EC0-301F-11D3-BF4B-00C04F79EFBC}") = "01. Log4Net", "01. Log4Net\01. Log4Net.csproj", "{D5202DD5-F573-444B-B2AC-5F79AD74B4B6}"
EndProject
Project("{FAE04EC0-301F-11D3-BF4B-00C04F79EFBC}") = "02. T4Template", "02. T4Template\02. T4Template.csproj", "{AE4AA9F3-0887-4631-AB20-44AC0E0B8CEC}"
EndProject
Global
	GlobalSection(SolutionConfigurationPlatforms) = preSolution
		Debug|Any CPU = Debug|Any CPU
		Release|Any CPU = Release|Any CPU
	EndGlobalSection
	GlobalSection(ProjectConfigurationPlatforms) = postSolution
		{D5202DD5-F573-444B-B2AC-5F79AD74B4B6}.Debug|Any CPU.ActiveCfg = Debug|Any CPU
		{D5202DD5-F573-444B-B2AC-5F79AD74B4B6}.Debug|Any CPU.Build.0 = Debug|Any CPU
		{D5202DD5-F573-444B-B2AC-5F79AD74B4B6}.Release|Any CPU.ActiveCfg = Release|Any CPU
		{D5202DD5-F573-444B-B2AC-5F79AD74B4B6}.Release|Any CPU.Build.0 = Release|Any CPU
		{AE4AA9F3-0887-4631-AB20-44AC0E0B8CEC}.Debug|Any CPU.ActiveCfg = Debug|Any CPU
		{AE4AA9F3-0887-4631-AB20-44AC0E0B8CEC}.Debug|Any CPU.Build.0 = Debug|Any CPU
		{AE4AA9F3-0887-4631-AB20-44AC0E0B8CEC}.Release|Any CPU.ActiveCfg = Release|Any CPU
		{AE4AA9F3-0887-4631-AB20-44AC0E0B8CEC}.Release|Any CPU.Build.0 = Release|Any CPU
	EndGlobalSection
	GlobalSection(SolutionProperties) = preSolution
		HideSolutionNode = FALSE
	EndGlobalSection
EndGlobal
